
Microsoft Visual Studio Solution File, Format Version 12.00
# Visual Studio Version 17
VisualStudioVersion = 17.1.32421.90
MinimumVisualStudioVersion = 10.0.40219.1
Project("{8BC9CEB8-8B4A-11D0-8D11-00A0C91BC942}") = "BubbleEngine", "BubbleEngine\BubbleEngine.vcxproj", "{4EC95E0C-68C1-4857-BA37-5915211C5ADF}"
EndProject
Project("{8BC9CEB8-8B4A-11D0-8D11-00A0C91BC942}") = "BubbleEngineLib", "BubbleEngineLib\BubbleEngineLib.vcxproj", "{B23131E8-CE6D-47EB-A3B5-CEF9AFE04A9E}"
EndProject
Project("{2150E333-8FDC-42A3-9474-1A3956D46DE8}") = "ThirdParty", "ThirdParty", "{02AD6CD5-C5D5-42D4-888D-78C6610D12EA}"
EndProject
Project("{8BC9CEB8-8B4A-11D0-8D11-00A0C91BC942}") = "fmt", "ThirdParty\fmt-master\cBuild\fmt.vcxproj", "{BC0E20BF-BA1D-3B78-BAE1-6C6D029D8431}"
EndProject
Project("{8BC9CEB8-8B4A-11D0-8D11-00A0C91BC942}") = "googletest", "ThirdParty\googletest\googletest.vcxproj", "{44BF2DB6-DA96-4458-B383-B0F856A87A92}"
EndProject
Project("{8BC9CEB8-8B4A-11D0-8D11-00A0C91BC942}") = "tinyobjloader", "ThirdParty\tinyobjloader\tinyobjloader.vcxproj", "{65D1DDA0-0071-4A71-9935-8AAB80748FCD}"
EndProject
Global
	GlobalSection(SolutionConfigurationPlatforms) = preSolution
		Debug|x64 = Debug|x64
		Debug|x86 = Debug|x86
		MinSizeRel|x64 = MinSizeRel|x64
		MinSizeRel|x86 = MinSizeRel|x86
		Release|x64 = Release|x64
		Release|x86 = Release|x86
		RelWithDebInfo|x64 = RelWithDebInfo|x64
		RelWithDebInfo|x86 = RelWithDebInfo|x86
	EndGlobalSection
	GlobalSection(ProjectConfigurationPlatforms) = postSolution
		{4EC95E0C-68C1-4857-BA37-5915211C5ADF}.Debug|x64.ActiveCfg = Debug|x64
		{4EC95E0C-68C1-4857-BA37-5915211C5ADF}.Debug|x64.Build.0 = Debug|x64
		{4EC95E0C-68C1-4857-BA37-5915211C5ADF}.Debug|x86.ActiveCfg = Debug|Win32
		{4EC95E0C-68C1-4857-BA37-5915211C5ADF}.Debug|x86.Build.0 = Debug|Win32
		{4EC95E0C-68C1-4857-BA37-5915211C5ADF}.MinSizeRel|x64.ActiveCfg = Release|x64
		{4EC95E0C-68C1-4857-BA37-5915211C5ADF}.MinSizeRel|x64.Build.0 = Release|x64
		{4EC95E0C-68C1-4857-BA37-5915211C5ADF}.MinSizeRel|x86.ActiveCfg = Release|Win32
		{4EC95E0C-68C1-4857-BA37-5915211C5ADF}.MinSizeRel|x86.Build.0 = Release|Win32
		{4EC95E0C-68C1-4857-BA37-5915211C5ADF}.Release|x64.ActiveCfg = Release|x64
		{4EC95E0C-68C1-4857-BA37-5915211C5ADF}.Release|x64.Build.0 = Release|x64
		{4EC95E0C-68C1-4857-BA37-5915211C5ADF}.Release|x86.ActiveCfg = Release|Win32
		{4EC95E0C-68C1-4857-BA37-5915211C5ADF}.Release|x86.Build.0 = Release|Win32
		{4EC95E0C-68C1-4857-BA37-5915211C5ADF}.RelWithDebInfo|x64.ActiveCfg = Release|x64
		{4EC95E0C-68C1-4857-BA37-5915211C5ADF}.RelWithDebInfo|x64.Build.0 = Release|x64
		{4EC95E0C-68C1-4857-BA37-5915211C5ADF}.RelWithDebInfo|x86.ActiveCfg = Release|Win32
		{4EC95E0C-68C1-4857-BA37-5915211C5ADF}.RelWithDebInfo|x86.Build.0 = Release|Win32
		{B23131E8-CE6D-47EB-A3B5-CEF9AFE04A9E}.Debug|x64.ActiveCfg = Debug|x64
		{B23131E8-CE6D-47EB-A3B5-CEF9AFE04A9E}.Debug|x64.Build.0 = Debug|x64
		{B23131E8-CE6D-47EB-A3B5-CEF9AFE04A9E}.Debug|x86.ActiveCfg = Debug|Win32
		{B23131E8-CE6D-47EB-A3B5-CEF9AFE04A9E}.Debug|x86.Build.0 = Debug|Win32
		{B23131E8-CE6D-47EB-A3B5-CEF9AFE04A9E}.MinSizeRel|x64.ActiveCfg = Release|x64
		{B23131E8-CE6D-47EB-A3B5-CEF9AFE04A9E}.MinSizeRel|x64.Build.0 = Release|x64
		{B23131E8-CE6D-47EB-A3B5-CEF9AFE04A9E}.MinSizeRel|x86.ActiveCfg = Release|Win32
		{B23131E8-CE6D-47EB-A3B5-CEF9AFE04A9E}.MinSizeRel|x86.Build.0 = Release|Win32
		{B23131E8-CE6D-47EB-A3B5-CEF9AFE04A9E}.Release|x64.ActiveCfg = Release|x64
		{B23131E8-CE6D-47EB-A3B5-CEF9AFE04A9E}.Release|x64.Build.0 = Release|x64
		{B23131E8-CE6D-47EB-A3B5-CEF9AFE04A9E}.Release|x86.ActiveCfg = Release|Win32
		{B23131E8-CE6D-47EB-A3B5-CEF9AFE04A9E}.Release|x86.Build.0 = Release|Win32
		{B23131E8-CE6D-47EB-A3B5-CEF9AFE04A9E}.RelWithDebInfo|x64.ActiveCfg = Release|x64
		{B23131E8-CE6D-47EB-A3B5-CEF9AFE04A9E}.RelWithDebInfo|x64.Build.0 = Release|x64
		{B23131E8-CE6D-47EB-A3B5-CEF9AFE04A9E}.RelWithDebInfo|x86.ActiveCfg = Release|Win32
		{B23131E8-CE6D-47EB-A3B5-CEF9AFE04A9E}.RelWithDebInfo|x86.Build.0 = Release|Win32
		{BC0E20BF-BA1D-3B78-BAE1-6C6D029D8431}.Debug|x64.ActiveCfg = Debug|x64
		{BC0E20BF-BA1D-3B78-BAE1-6C6D029D8431}.Debug|x64.Build.0 = Debug|x64
		{BC0E20BF-BA1D-3B78-BAE1-6C6D029D8431}.Debug|x86.ActiveCfg = Debug|x64
		{BC0E20BF-BA1D-3B78-BAE1-6C6D029D8431}.Debug|x86.Build.0 = Debug|x64
		{BC0E20BF-BA1D-3B78-BAE1-6C6D029D8431}.MinSizeRel|x64.ActiveCfg = MinSizeRel|x64
		{BC0E20BF-BA1D-3B78-BAE1-6C6D029D8431}.MinSizeRel|x64.Build.0 = MinSizeRel|x64
		{BC0E20BF-BA1D-3B78-BAE1-6C6D029D8431}.MinSizeRel|x86.ActiveCfg = MinSizeRel|x64
		{BC0E20BF-BA1D-3B78-BAE1-6C6D029D8431}.MinSizeRel|x86.Build.0 = MinSizeRel|x64
		{BC0E20BF-BA1D-3B78-BAE1-6C6D029D8431}.Release|x64.ActiveCfg = Release|x64
		{BC0E20BF-BA1D-3B78-BAE1-6C6D029D8431}.Release|x64.Build.0 = Release|x64
		{BC0E20BF-BA1D-3B78-BAE1-6C6D029D8431}.Release|x86.ActiveCfg = Release|x64
		{BC0E20BF-BA1D-3B78-BAE1-6C6D029D8431}.Release|x86.Build.0 = Release|x64
		{BC0E20BF-BA1D-3B78-BAE1-6C6D029D8431}.RelWithDebInfo|x64.ActiveCfg = RelWithDebInfo|x64
		{BC0E20BF-BA1D-3B78-BAE1-6C6D029D8431}.RelWithDebInfo|x64.Build.0 = RelWithDebInfo|x64
		{BC0E20BF-BA1D-3B78-BAE1-6C6D029D8431}.RelWithDebInfo|x86.ActiveCfg = RelWithDebInfo|x64
		{BC0E20BF-BA1D-3B78-BAE1-6C6D029D8431}.RelWithDebInfo|x86.Build.0 = RelWithDebInfo|x64
		{44BF2DB6-DA96-4458-B383-B0F856A87A92}.Debug|x64.ActiveCfg = Debug|x64
		{44BF2DB6-DA96-4458-B383-B0F856A87A92}.Debug|x64.Build.0 = Debug|x64
		{44BF2DB6-DA96-4458-B383-B0F856A87A92}.Debug|x86.ActiveCfg = Debug|Win32
		{44BF2DB6-DA96-4458-B383-B0F856A87A92}.Debug|x86.Build.0 = Debug|Win32
		{44BF2DB6-DA96-4458-B383-B0F856A87A92}.MinSizeRel|x64.ActiveCfg = Debug|x64
		{44BF2DB6-DA96-4458-B383-B0F856A87A92}.MinSizeRel|x64.Build.0 = Debug|x64
		{44BF2DB6-DA96-4458-B383-B0F856A87A92}.MinSizeRel|x86.ActiveCfg = Debug|Win32
		{44BF2DB6-DA96-4458-B383-B0F856A87A92}.MinSizeRel|x86.Build.0 = Debug|Win32
		{44BF2DB6-DA96-4458-B383-B0F856A87A92}.Release|x64.ActiveCfg = Release|x64
		{44BF2DB6-DA96-4458-B383-B0F856A87A92}.Release|x64.Build.0 = Release|x64
		{44BF2DB6-DA96-4458-B383-B0F856A87A92}.Release|x86.ActiveCfg = Release|Win32
		{44BF2DB6-DA96-4458-B383-B0F856A87A92}.Release|x86.Build.0 = Release|Win32
		{44BF2DB6-DA96-4458-B383-B0F856A87A92}.RelWithDebInfo|x64.ActiveCfg = Release|x64
		{44BF2DB6-DA96-4458-B383-B0F856A87A92}.RelWithDebInfo|x64.Build.0 = Release|x64
		{44BF2DB6-DA96-4458-B383-B0F856A87A92}.RelWithDebInfo|x86.ActiveCfg = Release|Win32
		{44BF2DB6-DA96-4458-B383-B0F856A87A92}.RelWithDebInfo|x86.Build.0 = Release|Win32
		{65D1DDA0-0071-4A71-9935-8AAB80748FCD}.Debug|x64.ActiveCfg = Debug|x64
		{65D1DDA0-0071-4A71-9935-8AAB80748FCD}.Debug|x64.Build.0 = Debug|x64
		{65D1DDA0-0071-4A71-9935-8AAB80748FCD}.Debug|x86.ActiveCfg = Debug|Win32
		{65D1DDA0-0071-4A71-9935-8AAB80748FCD}.Debug|x86.Build.0 = Debug|Win32
		{65D1DDA0-0071-4A71-9935-8AAB80748FCD}.MinSizeRel|x64.ActiveCfg = Debug|x64
		{65D1DDA0-0071-4A71-9935-8AAB80748FCD}.MinSizeRel|x64.Build.0 = Debug|x64
		{65D1DDA0-0071-4A71-9935-8AAB80748FCD}.MinSizeRel|x86.ActiveCfg = Debug|Win32
		{65D1DDA0-0071-4A71-9935-8AAB80748FCD}.MinSizeRel|x86.Build.0 = Debug|Win32
		{65D1DDA0-0071-4A71-9935-8AAB80748FCD}.Release|x64.ActiveCfg = Release|x64
		{65D1DDA0-0071-4A71-9935-8AAB80748FCD}.Release|x64.Build.0 = Release|x64
		{65D1DDA0-0071-4A71-9935-8AAB80748FCD}.Release|x86.ActiveCfg = Release|Win32
		{65D1DDA0-0071-4A71-9935-8AAB80748FCD}.Release|x86.Build.0 = Release|Win32
		{65D1DDA0-0071-4A71-9935-8AAB80748FCD}.RelWithDebInfo|x64.ActiveCfg = Release|x64
		{65D1DDA0-0071-4A71-9935-8AAB80748FCD}.RelWithDebInfo|x64.Build.0 = Release|x64
		{65D1DDA0-0071-4A71-9935-8AAB80748FCD}.RelWithDebInfo|x86.ActiveCfg = Release|Win32
		{65D1DDA0-0071-4A71-9935-8AAB80748FCD}.RelWithDebInfo|x86.Build.0 = Release|Win32
	EndGlobalSection
	GlobalSection(SolutionProperties) = preSolution
		HideSolutionNode = FALSE
	EndGlobalSection
	GlobalSection(NestedProjects) = preSolution
		{BC0E20BF-BA1D-3B78-BAE1-6C6D029D8431} = {02AD6CD5-C5D5-42D4-888D-78C6610D12EA}
		{44BF2DB6-DA96-4458-B383-B0F856A87A92} = {02AD6CD5-C5D5-42D4-888D-78C6610D12EA}
		{65D1DDA0-0071-4A71-9935-8AAB80748FCD} = {02AD6CD5-C5D5-42D4-888D-78C6610D12EA}
	EndGlobalSection
	GlobalSection(ExtensibilityGlobals) = postSolution
		SolutionGuid = {517519E8-2894-4347-94D4-6F5E8236E422}
	EndGlobalSection
EndGlobal
