<?xml version="1.0" encoding="utf-8"?>
<Project ToolsVersion="4.0" xmlns="http://schemas.microsoft.com/developer/msbuild/2003">
  <ItemGroup>
    <Filter Include="Math">
      <UniqueIdentifier>{3066a048-1f8c-479f-af6d-7bb1a91ae82f}</UniqueIdentifier>
    </Filter>
  </ItemGroup>
  <ItemGroup>
    <ClInclude Include="Math\BEVector2.h">
      <Filter>Math</Filter>
    </ClInclude>
    <ClInclude Include="Math\BEVector3.h">
      <Filter>Math</Filter>
    </ClInclude>
    <ClInclude Include="Math\BEVector4.h">
      <Filter>Math</Filter>
    </ClInclude>
    <ClInclude Include="Math\BEMatrix2.h">
      <Filter>Math</Filter>
    </ClInclude>
    <ClInclude Include="Math\BEMatrix3.h">
      <Filter>Math</Filter>
    </ClInclude>
    <ClInclude Include="Math\BEMatrix4.h">
      <Filter>Math</Filter>
    </ClInclude>
    <ClInclude Include="Math\BEAffineTransform2.h">
      <Filter>Math</Filter>
    </ClInclude>
    <ClInclude Include="Math\BELinearTransform2.h">
      <Filter>Math</Filter>
    </ClInclude>
    <ClInclude Include="Math\BEAffineTransform3.h">
      <Filter>Math</Filter>
    </ClInclude>
    <ClInclude Include="Math\BELinearTransform3.h">
      <Filter>Math</Filter>
    </ClInclude>
    <ClInclude Include="Math\BEMathLib.h">
      <Filter>Math</Filter>
    </ClInclude>
    <ClInclude Include="App\Platforms\ApplicationPlatform.h" />
    <ClInclude Include="App\BEApp.h" />
    <ClInclude Include="App\ApplicationContext\BEAppContextInterface.h" />
    <ClInclude Include="Graphics\BEGraphicsDevice.h" />
    <ClInclude Include="Graphics\Platforms\D3DX12\d3dx12.h" />
    <ClInclude Include="BECore\BERefCounter.h" />
    <ClInclude Include="BECore\BEInclude.h" />
    <ClInclude Include="App\Platforms\Win32\ApplicationContext.h" />
    <ClInclude Include="Window\BEWindow.h" />
    <ClInclude Include="Window\WindowPlatform\Win32\Window.h" />
    <ClInclude Include="Window\WindowPlatform\WindowPlatform.h" />
    <ClInclude Include="Graphics\BECommandBuffer.h" />
    <ClInclude Include="Graphics\BECommandQueue.h" />
    <ClInclude Include="Graphics\BESwapChain.h" />
    <ClInclude Include="BECore\BEObject.h" />
    <ClInclude Include="Graphics\Platforms\GraphicsAPI.h" />
    <ClInclude Include="Graphics\Platforms\D3DX12\CommandBuffer.h" />
    <ClInclude Include="Graphics\Platforms\D3DX12\GraphicsDevice.h" />
    <ClInclude Include="Graphics\Platforms\D3DX12\d3dx12Include.h" />
    <ClInclude Include="Graphics\Platforms\D3DX12\CommandQueue.h" />
    <ClInclude Include="Graphics\Platforms\D3DX12\SwapChain.h" />
    <ClInclude Include="Graphics\BEGPUBuffer.h" />
    <ClInclude Include="Graphics\BETexture.h" />
    <ClInclude Include="Graphics\BEPixelFormat.h" />
    <ClInclude Include="Graphics\Platforms\D3DX12\GPUBuffer.h" />
    <ClInclude Include="Graphics\Platforms\D3DX12\Texture.h" />
    <ClInclude Include="Graphics\BERenderCommandEncoder.h" />
    <ClInclude Include="Graphics\BEViewport.h" />
    <ClInclude Include="Math\BERect.h" />
    <ClInclude Include="Graphics\BELinearColor.h" />
    <ClInclude Include="Graphics\BEColor32.h" />
    <ClInclude Include="Graphics\Platforms\D3DX12\RenderCommandEncoder.h" />
    <ClInclude Include="Graphics\Platforms\D3DX12\PixelFormat.h" />
    <ClInclude Include="Graphics\BEGraphics.h" />
    <ClInclude Include="BubbleEngineLibrary.h" />
    <ClInclude Include="Graphics\BECopyCommandEncoder.h" />
    <ClInclude Include="Graphics\Platforms\D3DX12\CopyCommandEncoder.h" />
  </ItemGroup>
  <ItemGroup>
    <None Include="Math\BEVector2.inl">
      <Filter>Math</Filter>
    </None>
    <None Include="Math\BEVector3.inl">
      <Filter>Math</Filter>
    </None>
    <None Include="Math\BEVector4.inl">
      <Filter>Math</Filter>
    </None>
    <None Include="Math\BEMatrix2.inl">
      <Filter>Math</Filter>
    </None>
    <None Include="Math\BEMatrix3.inl">
      <Filter>Math</Filter>
    </None>
    <None Include="Math\BEMatrix4.inl">
      <Filter>Math</Filter>
    </None>
    <None Include="Math\BEAffineTransform2.inl">
      <Filter>Math</Filter>
    </None>
    <None Include="Math\BELinearTransform2.inl">
      <Filter>Math</Filter>
    </None>
    <None Include="Math\BEAffineTransform3.inl">
      <Filter>Math</Filter>
    </None>
    <None Include="Math\BELinearTransform3.inl">
      <Filter>Math</Filter>
    </None>
  </ItemGroup>
  <ItemGroup>
    <ClCompile Include="App\BEApp.cpp" />
    <ClCompile Include="Graphics\BEGraphicsDevice.cpp" />
    <ClCompile Include="BECore\BERefCounter.cpp" />
    <ClCompile Include="App\Platforms\Win32\ApplicationContext.cpp" />
    <ClCompile Include="Window\BEWindow.cpp" />
    <ClCompile Include="Window\WindowPlatform\Win32\Window.cpp" />
    <ClCompile Include="Graphics\Platforms\D3DX12\GraphicsDevice.cpp" />
    <ClCompile Include="Graphics\Platforms\D3DX12\CommandBuffer.cpp" />
    <ClCompile Include="Graphics\Platforms\D3DX12\CommandQueue.cpp" />
    <ClCompile Include="Graphics\Platforms\D3DX12\SwapChain.cpp" />
    <ClCompile Include="Graphics\Platforms\D3DX12\GPUBuffer.cpp" />
    <ClCompile Include="Graphics\Platforms\D3DX12\Texture.cpp" />
    <ClCompile Include="Graphics\Platforms\D3DX12\RenderCommandEncoder.cpp" />
    <ClCompile Include="Graphics\BEColor32.cpp" />
    <ClCompile Include="Graphics\BELinearColor.cpp" />
    <ClCompile Include="Math\BERect.cpp" />
    <ClCompile Include="Graphics\Platforms\D3DX12\CopyCommandEncoder.cpp" />
  </ItemGroup>
</Project>