<?xml version="1.0" encoding="utf-8"?>
<Project ToolsVersion="4.0" xmlns="http://schemas.microsoft.com/developer/msbuild/2003">
  <ItemGroup>
    <Filter Include="Math">
      <UniqueIdentifier>{3066a048-1f8c-479f-af6d-7bb1a91ae82f}</UniqueIdentifier>
    </Filter>
  </ItemGroup>
  <ItemGroup>
    <ClInclude Include="BEVector2.h">
      <Filter>Math</Filter>
    </ClInclude>
    <ClInclude Include="BEVector3.h">
      <Filter>Math</Filter>
    </ClInclude>
    <ClInclude Include="BEVector4.h">
      <Filter>Math</Filter>
    </ClInclude>
    <ClInclude Include="BEMatrix2.h">
      <Filter>Math</Filter>
    </ClInclude>
    <ClInclude Include="BEMatrix3.h">
      <Filter>Math</Filter>
    </ClInclude>
    <ClInclude Include="BEMatrix4.h">
      <Filter>Math</Filter>
    </ClInclude>
    <ClInclude Include="BEAffineTransform2.h">
      <Filter>Math</Filter>
    </ClInclude>
    <ClInclude Include="BELinearTransform2.h">
      <Filter>Math</Filter>
    </ClInclude>
    <ClInclude Include="BEAffineTransform3.h">
      <Filter>Math</Filter>
    </ClInclude>
    <ClInclude Include="BELinearTransform3.h">
      <Filter>Math</Filter>
    </ClInclude>
    <ClInclude Include="BEMathLib.h">
      <Filter>Math</Filter>
    </ClInclude>
  </ItemGroup>
  <ItemGroup>
    <None Include="BEVector2.inl">
      <Filter>Math</Filter>
    </None>
    <None Include="BEVector3.inl">
      <Filter>Math</Filter>
    </None>
    <None Include="BEVector4.inl">
      <Filter>Math</Filter>
    </None>
    <None Include="BEMatrix2.inl">
      <Filter>Math</Filter>
    </None>
    <None Include="BEMatrix3.inl">
      <Filter>Math</Filter>
    </None>
    <None Include="BEMatrix4.inl">
      <Filter>Math</Filter>
    </None>
    <None Include="BEAffineTransform2.inl">
      <Filter>Math</Filter>
    </None>
    <None Include="BELinearTransform2.inl">
      <Filter>Math</Filter>
    </None>
    <None Include="BEAffineTransform3.inl">
      <Filter>Math</Filter>
    </None>
    <None Include="BELinearTransform3.inl">
      <Filter>Math</Filter>
    </None>
  </ItemGroup>
  <ItemGroup>
    <ClCompile Include="Source.cpp" />
  </ItemGroup>
</Project>