<?xml version="1.0" encoding="utf-8"?>
<Project ToolsVersion="4.0" xmlns="http://schemas.microsoft.com/developer/msbuild/2003">
  <ItemGroup>
    <Filter Include="Math">
      <UniqueIdentifier>{4a171880-6e3b-4410-809c-8f66ccbd37c4}</UniqueIdentifier>
    </Filter>
    <Filter Include="Application">
      <UniqueIdentifier>{ef46ada0-dc8f-4a65-998d-f4c48f1a23f3}</UniqueIdentifier>
    </Filter>
    <Filter Include="Container">
      <UniqueIdentifier>{9c059b7e-e1b7-4990-b30b-f1765f212d7e}</UniqueIdentifier>
    </Filter>
  </ItemGroup>
  <ItemGroup>
    <ClInclude Include="..\BubbleLib\BEVector3.h">
      <Filter>Math</Filter>
    </ClInclude>
    <ClInclude Include="..\BubbleLib\BEVector4.h">
      <Filter>Math</Filter>
    </ClInclude>
    <ClInclude Include="..\BubbleLib\BEVector2.h">
      <Filter>Math</Filter>
    </ClInclude>
    <ClInclude Include="..\BubbleLib\BEVector2.inl">
      <Filter>Math</Filter>
    </ClInclude>
    <ClInclude Include="..\BubbleLib\BEVector3.inl">
      <Filter>Math</Filter>
    </ClInclude>
    <ClInclude Include="..\BubbleLib\BEMatrix2.h">
      <Filter>Math</Filter>
    </ClInclude>
  </ItemGroup>
  <ItemGroup>
    <None Include="..\BubbleLib\BEVector4.inl">
      <Filter>Math</Filter>
    </None>
    <None Include="..\BubbleLib\BEMatrix2.inl">
      <Filter>Math</Filter>
    </None>
  </ItemGroup>
  <ItemGroup>
    <ClCompile Include="Source.cpp">
      <Filter>Math</Filter>
    </ClCompile>
  </ItemGroup>
</Project>